// !$*UTF8*$!
{
	archiveVersion = 1;
	classes = {
	};
	objectVersion = 56;
	objects = {

/* Begin PBXBuildFile section */
		48A9D2FC2C43C944004D9AC9 /* AppDelegate.swift in Sources */ = {isa = PBXBuildFile; fileRef = 48A9D2FB2C43C944004D9AC9 /* AppDelegate.swift */; };
		48A9D2FE2C43C944004D9AC9 /* SceneDelegate.swift in Sources */ = {isa = PBXBuildFile; fileRef = 48A9D2FD2C43C944004D9AC9 /* SceneDelegate.swift */; };
		48A9D3002C43C944004D9AC9 /* ViewController.swift in Sources */ = {isa = PBXBuildFile; fileRef = 48A9D2FF2C43C944004D9AC9 /* ViewController.swift */; };
		48A9D3052C43C946004D9AC9 /* Assets.xcassets in Resources */ = {isa = PBXBuildFile; fileRef = 48A9D3042C43C946004D9AC9 /* Assets.xcassets */; };
		48A9D3082C43C946004D9AC9 /* Base in Resources */ = {isa = PBXBuildFile; fileRef = 48A9D3072C43C946004D9AC9 /* Base */; };
		48A9D3112C43CAB7004D9AC9 /* CollectionSection.swift in Sources */ = {isa = PBXBuildFile; fileRef = 48A9D3102C43CAB7004D9AC9 /* CollectionSection.swift */; };
		48A9D3132C43CAC4004D9AC9 /* CollectionItem.swift in Sources */ = {isa = PBXBuildFile; fileRef = 48A9D3122C43CAC4004D9AC9 /* CollectionItem.swift */; };
		48A9D3182C43CB07004D9AC9 /* StoryCollectionViewCell.swift in Sources */ = {isa = PBXBuildFile; fileRef = 48A9D3172C43CB07004D9AC9 /* StoryCollectionViewCell.swift */; };
		48A9D31A2C43CB13004D9AC9 /* MessageCollectionViewCell.swift in Sources */ = {isa = PBXBuildFile; fileRef = 48A9D3192C43CB13004D9AC9 /* MessageCollectionViewCell.swift */; };
		48A9D31C2C43CB55004D9AC9 /* NewsCollectionViewCell.swift in Sources */ = {isa = PBXBuildFile; fileRef = 48A9D31B2C43CB55004D9AC9 /* NewsCollectionViewCell.swift */; };
		48A9D31E2C43CB64004D9AC9 /* BannersCollectionViewCell.swift in Sources */ = {isa = PBXBuildFile; fileRef = 48A9D31D2C43CB64004D9AC9 /* BannersCollectionViewCell.swift */; };
		48A9D3212C43CB7E004D9AC9 /* CellProtocol.swift in Sources */ = {isa = PBXBuildFile; fileRef = 48A9D3202C43CB7E004D9AC9 /* CellProtocol.swift */; };
/* End PBXBuildFile section */

/* Begin PBXFileReference section */
		48A9D2F82C43C944004D9AC9 /* CollectionViewCompositionLayout.app */ = {isa = PBXFileReference; explicitFileType = wrapper.application; includeInIndex = 0; path = CollectionViewCompositionLayout.app; sourceTree = BUILT_PRODUCTS_DIR; };
		48A9D2FB2C43C944004D9AC9 /* AppDelegate.swift */ = {isa = PBXFileReference; lastKnownFileType = sourcecode.swift; path = AppDelegate.swift; sourceTree = "<group>"; };
		48A9D2FD2C43C944004D9AC9 /* SceneDelegate.swift */ = {isa = PBXFileReference; lastKnownFileType = sourcecode.swift; path = SceneDelegate.swift; sourceTree = "<group>"; };
		48A9D2FF2C43C944004D9AC9 /* ViewController.swift */ = {isa = PBXFileReference; lastKnownFileType = sourcecode.swift; path = ViewController.swift; sourceTree = "<group>"; };
		48A9D3042C43C946004D9AC9 /* Assets.xcassets */ = {isa = PBXFileReference; lastKnownFileType = folder.assetcatalog; path = Assets.xcassets; sourceTree = "<group>"; };
		48A9D3072C43C946004D9AC9 /* Base */ = {isa = PBXFileReference; lastKnownFileType = file.storyboard; name = Base; path = Base.lproj/LaunchScreen.storyboard; sourceTree = "<group>"; };
		48A9D3092C43C946004D9AC9 /* Info.plist */ = {isa = PBXFileReference; lastKnownFileType = text.plist.xml; path = Info.plist; sourceTree = "<group>"; };
		48A9D3102C43CAB7004D9AC9 /* CollectionSection.swift */ = {isa = PBXFileReference; lastKnownFileType = sourcecode.swift; path = CollectionSection.swift; sourceTree = "<group>"; };
		48A9D3122C43CAC4004D9AC9 /* CollectionItem.swift */ = {isa = PBXFileReference; lastKnownFileType = sourcecode.swift; path = CollectionItem.swift; sourceTree = "<group>"; };
		48A9D3172C43CB07004D9AC9 /* StoryCollectionViewCell.swift */ = {isa = PBXFileReference; lastKnownFileType = sourcecode.swift; path = StoryCollectionViewCell.swift; sourceTree = "<group>"; };
		48A9D3192C43CB13004D9AC9 /* MessageCollectionViewCell.swift */ = {isa = PBXFileReference; lastKnownFileType = sourcecode.swift; path = MessageCollectionViewCell.swift; sourceTree = "<group>"; };
		48A9D31B2C43CB55004D9AC9 /* NewsCollectionViewCell.swift */ = {isa = PBXFileReference; lastKnownFileType = sourcecode.swift; path = NewsCollectionViewCell.swift; sourceTree = "<group>"; };
		48A9D31D2C43CB64004D9AC9 /* BannersCollectionViewCell.swift */ = {isa = PBXFileReference; lastKnownFileType = sourcecode.swift; path = BannersCollectionViewCell.swift; sourceTree = "<group>"; };
		48A9D3202C43CB7E004D9AC9 /* CellProtocol.swift */ = {isa = PBXFileReference; lastKnownFileType = sourcecode.swift; path = CellProtocol.swift; sourceTree = "<group>"; };
/* End PBXFileReference section */

/* Begin PBXFrameworksBuildPhase section */
		48A9D2F52C43C944004D9AC9 /* Frameworks */ = {
			isa = PBXFrameworksBuildPhase;
			buildActionMask = 2147483647;
			files = (
			);
			runOnlyForDeploymentPostprocessing = 0;
		};
/* End PBXFrameworksBuildPhase section */

/* Begin PBXGroup section */
		48A9D2EF2C43C944004D9AC9 = {
			isa = PBXGroup;
			children = (
				48A9D2FA2C43C944004D9AC9 /* CollectionViewCompositionLayout */,
				48A9D2F92C43C944004D9AC9 /* Products */,
			);
			sourceTree = "<group>";
		};
		48A9D2F92C43C944004D9AC9 /* Products */ = {
			isa = PBXGroup;
			children = (
				48A9D2F82C43C944004D9AC9 /* CollectionViewCompositionLayout.app */,
			);
			name = Products;
			sourceTree = "<group>";
		};
		48A9D2FA2C43C944004D9AC9 /* CollectionViewCompositionLayout */ = {
			isa = PBXGroup;
			children = (
				48A9D3162C43CAE6004D9AC9 /* App */,
				48A9D30F2C43CA92004D9AC9 /* Model */,
				48A9D3142C43CACC004D9AC9 /* View */,
				48A9D3152C43CAD2004D9AC9 /* Controller */,
				48A9D3042C43C946004D9AC9 /* Assets.xcassets */,
				48A9D3062C43C946004D9AC9 /* LaunchScreen.storyboard */,
				48A9D3092C43C946004D9AC9 /* Info.plist */,
			);
			path = CollectionViewCompositionLayout;
			sourceTree = "<group>";
		};
		48A9D30F2C43CA92004D9AC9 /* Model */ = {
			isa = PBXGroup;
			children = (
				48A9D3102C43CAB7004D9AC9 /* CollectionSection.swift */,
				48A9D3122C43CAC4004D9AC9 /* CollectionItem.swift */,
			);
			path = Model;
			sourceTree = "<group>";
		};
		48A9D3142C43CACC004D9AC9 /* View */ = {
			isa = PBXGroup;
			children = (
				48A9D3202C43CB7E004D9AC9 /* CellProtocol.swift */,
				48A9D3172C43CB07004D9AC9 /* StoryCollectionViewCell.swift */,
				48A9D3192C43CB13004D9AC9 /* MessageCollectionViewCell.swift */,
				48A9D31B2C43CB55004D9AC9 /* NewsCollectionViewCell.swift */,
				48A9D31D2C43CB64004D9AC9 /* BannersCollectionViewCell.swift */,
			);
			path = View;
			sourceTree = "<group>";
		};
		48A9D3152C43CAD2004D9AC9 /* Controller */ = {
			isa = PBXGroup;
			children = (
				48A9D2FF2C43C944004D9AC9 /* ViewController.swift */,
			);
			path = Controller;
			sourceTree = "<group>";
		};
		48A9D3162C43CAE6004D9AC9 /* App */ = {
			isa = PBXGroup;
			children = (
				48A9D2FB2C43C944004D9AC9 /* AppDelegate.swift */,
				48A9D2FD2C43C944004D9AC9 /* SceneDelegate.swift */,
			);
			path = App;
			sourceTree = "<group>";
		};
/* End PBXGroup section */

/* Begin PBXNativeTarget section */
		48A9D2F72C43C944004D9AC9 /* CollectionViewCompositionLayout */ = {
			isa = PBXNativeTarget;
			buildConfigurationList = 48A9D30C2C43C946004D9AC9 /* Build configuration list for PBXNativeTarget "CollectionViewCompositionLayout" */;
			buildPhases = (
				48A9D2F42C43C944004D9AC9 /* Sources */,
				48A9D2F52C43C944004D9AC9 /* Frameworks */,
				48A9D2F62C43C944004D9AC9 /* Resources */,
			);
			buildRules = (
			);
			dependencies = (
			);
			name = CollectionViewCompositionLayout;
			productName = CollectionViewCompositionLayout;
			productReference = 48A9D2F82C43C944004D9AC9 /* CollectionViewCompositionLayout.app */;
			productType = "com.apple.product-type.application";
		};
/* End PBXNativeTarget section */

/* Begin PBXProject section */
		48A9D2F02C43C944004D9AC9 /* Project object */ = {
			isa = PBXProject;
			attributes = {
				BuildIndependentTargetsInParallel = 1;
				LastSwiftUpdateCheck = 1530;
				LastUpgradeCheck = 1530;
				TargetAttributes = {
					48A9D2F72C43C944004D9AC9 = {
						CreatedOnToolsVersion = 15.3;
					};
				};
			};
			buildConfigurationList = 48A9D2F32C43C944004D9AC9 /* Build configuration list for PBXProject "CollectionViewCompositionLayout" */;
			compatibilityVersion = "Xcode 14.0";
			developmentRegion = en;
			hasScannedForEncodings = 0;
			knownRegions = (
				en,
				Base,
			);
			mainGroup = 48A9D2EF2C43C944004D9AC9;
			productRefGroup = 48A9D2F92C43C944004D9AC9 /* Products */;
			projectDirPath = "";
			projectRoot = "";
			targets = (
				48A9D2F72C43C944004D9AC9 /* CollectionViewCompositionLayout */,
			);
		};
/* End PBXProject section */

/* Begin PBXResourcesBuildPhase section */
		48A9D2F62C43C944004D9AC9 /* Resources */ = {
			isa = PBXResourcesBuildPhase;
			buildActionMask = 2147483647;
			files = (
				48A9D3052C43C946004D9AC9 /* Assets.xcassets in Resources */,
				48A9D3082C43C946004D9AC9 /* Base in Resources */,
			);
			runOnlyForDeploymentPostprocessing = 0;
		};
/* End PBXResourcesBuildPhase section */

/* Begin PBXSourcesBuildPhase section */
		48A9D2F42C43C944004D9AC9 /* Sources */ = {
			isa = PBXSourcesBuildPhase;
			buildActionMask = 2147483647;
			files = (
				48A9D31A2C43CB13004D9AC9 /* MessageCollectionViewCell.swift in Sources */,
				48A9D31E2C43CB64004D9AC9 /* BannersCollectionViewCell.swift in Sources */,
				48A9D3132C43CAC4004D9AC9 /* CollectionItem.swift in Sources */,
				48A9D3002C43C944004D9AC9 /* ViewController.swift in Sources */,
				48A9D31C2C43CB55004D9AC9 /* NewsCollectionViewCell.swift in Sources */,
				48A9D2FC2C43C944004D9AC9 /* AppDelegate.swift in Sources */,
				48A9D2FE2C43C944004D9AC9 /* SceneDelegate.swift in Sources */,
				48A9D3182C43CB07004D9AC9 /* StoryCollectionViewCell.swift in Sources */,
				48A9D3112C43CAB7004D9AC9 /* CollectionSection.swift in Sources */,
				48A9D3212C43CB7E004D9AC9 /* CellProtocol.swift in Sources */,
			);
			runOnlyForDeploymentPostprocessing = 0;
		};
/* End PBXSourcesBuildPhase section */

/* Begin PBXVariantGroup section */
		48A9D3062C43C946004D9AC9 /* LaunchScreen.storyboard */ = {
			isa = PBXVariantGroup;
			children = (
				48A9D3072C43C946004D9AC9 /* Base */,
			);
			name = LaunchScreen.storyboard;
			sourceTree = "<group>";
		};
/* End PBXVariantGroup section */

/* Begin XCBuildConfiguration section */
		48A9D30A2C43C946004D9AC9 /* Debug */ = {
			isa = XCBuildConfiguration;
			buildSettings = {
				ALWAYS_SEARCH_USER_PATHS = NO;
				ASSETCATALOG_COMPILER_GENERATE_SWIFT_ASSET_SYMBOL_EXTENSIONS = YES;
				CLANG_ANALYZER_NONNULL = YES;
				CLANG_ANALYZER_NUMBER_OBJECT_CONVERSION = YES_AGGRESSIVE;
				CLANG_CXX_LANGUAGE_STANDARD = "gnu++20";
				CLANG_ENABLE_MODULES = YES;
				CLANG_ENABLE_OBJC_ARC = YES;
				CLANG_ENABLE_OBJC_WEAK = YES;
				CLANG_WARN_BLOCK_CAPTURE_AUTORELEASING = YES;
				CLANG_WARN_BOOL_CONVERSION = YES;
				CLANG_WARN_COMMA = YES;
				CLANG_WARN_CONSTANT_CONVERSION = YES;
				CLANG_WARN_DEPRECATED_OBJC_IMPLEMENTATIONS = YES;
				CLANG_WARN_DIRECT_OBJC_ISA_USAGE = YES_ERROR;
				CLANG_WARN_DOCUMENTATION_COMMENTS = YES;
				CLANG_WARN_EMPTY_BODY = YES;
				CLANG_WARN_ENUM_CONVERSION = YES;
				CLANG_WARN_INFINITE_RECURSION = YES;
				CLANG_WARN_INT_CONVERSION = YES;
				CLANG_WARN_NON_LITERAL_NULL_CONVERSION = YES;
				CLANG_WARN_OBJC_IMPLICIT_RETAIN_SELF = YES;
				CLANG_WARN_OBJC_LITERAL_CONVERSION = YES;
				CLANG_WARN_OBJC_ROOT_CLASS = YES_ERROR;
				CLANG_WARN_QUOTED_INCLUDE_IN_FRAMEWORK_HEADER = YES;
				CLANG_WARN_RANGE_LOOP_ANALYSIS = YES;
				CLANG_WARN_STRICT_PROTOTYPES = YES;
				CLANG_WARN_SUSPICIOUS_MOVE = YES;
				CLANG_WARN_UNGUARDED_AVAILABILITY = YES_AGGRESSIVE;
				CLANG_WARN_UNREACHABLE_CODE = YES;
				CLANG_WARN__DUPLICATE_METHOD_MATCH = YES;
				COPY_PHASE_STRIP = NO;
				DEBUG_INFORMATION_FORMAT = dwarf;
				ENABLE_STRICT_OBJC_MSGSEND = YES;
				ENABLE_TESTABILITY = YES;
				ENABLE_USER_SCRIPT_SANDBOXING = YES;
				GCC_C_LANGUAGE_STANDARD = gnu17;
				GCC_DYNAMIC_NO_PIC = NO;
				GCC_NO_COMMON_BLOCKS = YES;
				GCC_OPTIMIZATION_LEVEL = 0;
				GCC_PREPROCESSOR_DEFINITIONS = (
					"DEBUG=1",
					"$(inherited)",
				);
				GCC_WARN_64_TO_32_BIT_CONVERSION = YES;
				GCC_WARN_ABOUT_RETURN_TYPE = YES_ERROR;
				GCC_WARN_UNDECLARED_SELECTOR = YES;
				GCC_WARN_UNINITIALIZED_AUTOS = YES_AGGRESSIVE;
				GCC_WARN_UNUSED_FUNCTION = YES;
				GCC_WARN_UNUSED_VARIABLE = YES;
				IPHONEOS_DEPLOYMENT_TARGET = 17.4;
				LOCALIZATION_PREFERS_STRING_CATALOGS = YES;
				MTL_ENABLE_DEBUG_INFO = INCLUDE_SOURCE;
				MTL_FAST_MATH = YES;
				ONLY_ACTIVE_ARCH = YES;
				SDKROOT = iphoneos;
				SWIFT_ACTIVE_COMPILATION_CONDITIONS = "DEBUG $(inherited)";
				SWIFT_OPTIMIZATION_LEVEL = "-Onone";
			};
			name = Debug;
		};
		48A9D30B2C43C946004D9AC9 /* Release */ = {
			isa = XCBuildConfiguration;
			buildSettings = {
				ALWAYS_SEARCH_USER_PATHS = NO;
				ASSETCATALOG_COMPILER_GENERATE_SWIFT_ASSET_SYMBOL_EXTENSIONS = YES;
				CLANG_ANALYZER_NONNULL = YES;
				CLANG_ANALYZER_NUMBER_OBJECT_CONVERSION = YES_AGGRESSIVE;
				CLANG_CXX_LANGUAGE_STANDARD = "gnu++20";
				CLANG_ENABLE_MODULES = YES;
				CLANG_ENABLE_OBJC_ARC = YES;
				CLANG_ENABLE_OBJC_WEAK = YES;
				CLANG_WARN_BLOCK_CAPTURE_AUTORELEASING = YES;
				CLANG_WARN_BOOL_CONVERSION = YES;
				CLANG_WARN_COMMA = YES;
				CLANG_WARN_CONSTANT_CONVERSION = YES;
				CLANG_WARN_DEPRECATED_OBJC_IMPLEMENTATIONS = YES;
				CLANG_WARN_DIRECT_OBJC_ISA_USAGE = YES_ERROR;
				CLANG_WARN_DOCUMENTATION_COMMENTS = YES;
				CLANG_WARN_EMPTY_BODY = YES;
				CLANG_WARN_ENUM_CONVERSION = YES;
				CLANG_WARN_INFINITE_RECURSION = YES;
				CLANG_WARN_INT_CONVERSION = YES;
				CLANG_WARN_NON_LITERAL_NULL_CONVERSION = YES;
				CLANG_WARN_OBJC_IMPLICIT_RETAIN_SELF = YES;
				CLANG_WARN_OBJC_LITERAL_CONVERSION = YES;
				CLANG_WARN_OBJC_ROOT_CLASS = YES_ERROR;
				CLANG_WARN_QUOTED_INCLUDE_IN_FRAMEWORK_HEADER = YES;
				CLANG_WARN_RANGE_LOOP_ANALYSIS = YES;
				CLANG_WARN_STRICT_PROTOTYPES = YES;
				CLANG_WARN_SUSPICIOUS_MOVE = YES;
				CLANG_WARN_UNGUARDED_AVAILABILITY = YES_AGGRESSIVE;
				CLANG_WARN_UNREACHABLE_CODE = YES;
				CLANG_WARN__DUPLICATE_METHOD_MATCH = YES;
				COPY_PHASE_STRIP = NO;
				DEBUG_INFORMATION_FORMAT = "dwarf-with-dsym";
				ENABLE_NS_ASSERTIONS = NO;
				ENABLE_STRICT_OBJC_MSGSEND = YES;
				ENABLE_USER_SCRIPT_SANDBOXING = YES;
				GCC_C_LANGUAGE_STANDARD = gnu17;
				GCC_NO_COMMON_BLOCKS = YES;
				GCC_WARN_64_TO_32_BIT_CONVERSION = YES;
				GCC_WARN_ABOUT_RETURN_TYPE = YES_ERROR;
				GCC_WARN_UNDECLARED_SELECTOR = YES;
				GCC_WARN_UNINITIALIZED_AUTOS = YES_AGGRESSIVE;
				GCC_WARN_UNUSED_FUNCTION = YES;
				GCC_WARN_UNUSED_VARIABLE = YES;
				IPHONEOS_DEPLOYMENT_TARGET = 17.4;
				LOCALIZATION_PREFERS_STRING_CATALOGS = YES;
				MTL_ENABLE_DEBUG_INFO = NO;
				MTL_FAST_MATH = YES;
				SDKROOT = iphoneos;
				SWIFT_COMPILATION_MODE = wholemodule;
				VALIDATE_PRODUCT = YES;
			};
			name = Release;
		};
		48A9D30D2C43C946004D9AC9 /* Debug */ = {
			isa = XCBuildConfiguration;
			buildSettings = {
				ASSETCATALOG_COMPILER_APPICON_NAME = AppIcon;
				ASSETCATALOG_COMPILER_GLOBAL_ACCENT_COLOR_NAME = AccentColor;
				CODE_SIGN_STYLE = Automatic;
				CURRENT_PROJECT_VERSION = 1;
				DEVELOPMENT_TEAM = TUPKULQZ9B;
				GENERATE_INFOPLIST_FILE = YES;
				INFOPLIST_FILE = CollectionViewCompositionLayout/Info.plist;
				INFOPLIST_KEY_UIApplicationSupportsIndirectInputEvents = YES;
				INFOPLIST_KEY_UILaunchStoryboardName = LaunchScreen;
				INFOPLIST_KEY_UISupportedInterfaceOrientations_iPad = "UIInterfaceOrientationPortrait UIInterfaceOrientationPortraitUpsideDown UIInterfaceOrientationLandscapeLeft UIInterfaceOrientationLandscapeRight";
				INFOPLIST_KEY_UISupportedInterfaceOrientations_iPhone = "UIInterfaceOrientationPortrait UIInterfaceOrientationLandscapeLeft UIInterfaceOrientationLandscapeRight";
				IPHONEOS_DEPLOYMENT_TARGET = 16.0;
				LD_RUNPATH_SEARCH_PATHS = (
					"$(inherited)",
					"@executable_path/Frameworks",
				);
				MARKETING_VERSION = 1.0;
				PRODUCT_BUNDLE_IDENTIFIER = com.sivozelezov.CollectionViewCompositionLayout;
				PRODUCT_NAME = "$(TARGET_NAME)";
				SUPPORTED_PLATFORMS = "iphoneos iphonesimulator";
				SUPPORTS_MACCATALYST = NO;
				SUPPORTS_MAC_DESIGNED_FOR_IPHONE_IPAD = NO;
				SUPPORTS_XR_DESIGNED_FOR_IPHONE_IPAD = NO;
				SWIFT_EMIT_LOC_STRINGS = YES;
				SWIFT_VERSION = 5.0;
				TARGETED_DEVICE_FAMILY = 1;
			};
			name = Debug;
		};
		48A9D30E2C43C946004D9AC9 /* Release */ = {
			isa = XCBuildConfiguration;
			buildSettings = {
				ASSETCATALOG_COMPILER_APPICON_NAME = AppIcon;
				ASSETCATALOG_COMPILER_GLOBAL_ACCENT_COLOR_NAME = AccentColor;
				CODE_SIGN_STYLE = Automatic;
				CURRENT_PROJECT_VERSION = 1;
				DEVELOPMENT_TEAM = TUPKULQZ9B;
				GENERATE_INFOPLIST_FILE = YES;
				INFOPLIST_FILE = CollectionViewCompositionLayout/Info.plist;
				INFOPLIST_KEY_UIApplicationSupportsIndirectInputEvents = YES;
				INFOPLIST_KEY_UILaunchStoryboardName = LaunchScreen;
				INFOPLIST_KEY_UISupportedInterfaceOrientations_iPad = "UIInterfaceOrientationPortrait UIInterfaceOrientationPortraitUpsideDown UIInterfaceOrientationLandscapeLeft UIInterfaceOrientationLandscapeRight";
				INFOPLIST_KEY_UISupportedInterfaceOrientations_iPhone = "UIInterfaceOrientationPortrait UIInterfaceOrientationLandscapeLeft UIInterfaceOrientationLandscapeRight";
				IPHONEOS_DEPLOYMENT_TARGET = 16.0;
				LD_RUNPATH_SEARCH_PATHS = (
					"$(inherited)",
					"@executable_path/Frameworks",
				);
				MARKETING_VERSION = 1.0;
				PRODUCT_BUNDLE_IDENTIFIER = com.sivozelezov.CollectionViewCompositionLayout;
				PRODUCT_NAME = "$(TARGET_NAME)";
				SUPPORTED_PLATFORMS = "iphoneos iphonesimulator";
				SUPPORTS_MACCATALYST = NO;
				SUPPORTS_MAC_DESIGNED_FOR_IPHONE_IPAD = NO;
				SUPPORTS_XR_DESIGNED_FOR_IPHONE_IPAD = NO;
				SWIFT_EMIT_LOC_STRINGS = YES;
				SWIFT_VERSION = 5.0;
				TARGETED_DEVICE_FAMILY = 1;
			};
			name = Release;
		};
/* End XCBuildConfiguration section */

/* Begin XCConfigurationList section */
		48A9D2F32C43C944004D9AC9 /* Build configuration list for PBXProject "CollectionViewCompositionLayout" */ = {
			isa = XCConfigurationList;
			buildConfigurations = (
				48A9D30A2C43C946004D9AC9 /* Debug */,
				48A9D30B2C43C946004D9AC9 /* Release */,
			);
			defaultConfigurationIsVisible = 0;
			defaultConfigurationName = Release;
		};
		48A9D30C2C43C946004D9AC9 /* Build configuration list for PBXNativeTarget "CollectionViewCompositionLayout" */ = {
			isa = XCConfigurationList;
			buildConfigurations = (
				48A9D30D2C43C946004D9AC9 /* Debug */,
				48A9D30E2C43C946004D9AC9 /* Release */,
			);
			defaultConfigurationIsVisible = 0;
			defaultConfigurationName = Release;
		};
/* End XCConfigurationList section */
	};
	rootObject = 48A9D2F02C43C944004D9AC9 /* Project object */;
}
